
Microsoft Visual Studio Solution File, Format Version 12.00
Project("{FAE04EC0-301F-11D3-BF4B-00C04F79EFBC}") = "Patterns.WebAPI", "Patterns.WebAPI\Patterns.WebAPI.csproj", "{3B756C51-C718-44A1-9C66-FBBF2B4708FF}"
EndProject
Global
	GlobalSection(SolutionConfigurationPlatforms) = preSolution
		Debug|Any CPU = Debug|Any CPU
		Release|Any CPU = Release|Any CPU
	EndGlobalSection
	GlobalSection(ProjectConfigurationPlatforms) = postSolution
		{3B756C51-C718-44A1-9C66-FBBF2B4708FF}.Debug|Any CPU.ActiveCfg = Debug|Any CPU
		{3B756C51-C718-44A1-9C66-FBBF2B4708FF}.Debug|Any CPU.Build.0 = Debug|Any CPU
		{3B756C51-C718-44A1-9C66-FBBF2B4708FF}.Release|Any CPU.ActiveCfg = Release|Any CPU
		{3B756C51-C718-44A1-9C66-FBBF2B4708FF}.Release|Any CPU.Build.0 = Release|Any CPU
	EndGlobalSection
EndGlobal
